
Microsoft Visual Studio Solution File, Format Version 12.00
# Visual Studio 15
VisualStudioVersion = 15.0.28307.572
MinimumVisualStudioVersion = 10.0.40219.1
Project("{FAE04EC0-301F-11D3-BF4B-00C04F79EFBC}") = "WebApplication1", "WebApplication1\WebApplication1.csproj", "{C2AEA774-EC56-4B2F-A10E-D7A6253495BB}"
EndProject
Global
	GlobalSection(SolutionConfigurationPlatforms) = preSolution
		Debug|Any CPU = Debug|Any CPU
		Release|Any CPU = Release|Any CPU
	EndGlobalSection
	GlobalSection(ProjectConfigurationPlatforms) = postSolution
		{C2AEA774-EC56-4B2F-A10E-D7A6253495BB}.Debug|Any CPU.ActiveCfg = Debug|Any CPU
		{C2AEA774-EC56-4B2F-A10E-D7A6253495BB}.Debug|Any CPU.Build.0 = Debug|Any CPU
		{C2AEA774-EC56-4B2F-A10E-D7A6253495BB}.Release|Any CPU.ActiveCfg = Release|Any CPU
		{C2AEA774-EC56-4B2F-A10E-D7A6253495BB}.Release|Any CPU.Build.0 = Release|Any CPU
	EndGlobalSection
	GlobalSection(SolutionProperties) = preSolution
		HideSolutionNode = FALSE
	EndGlobalSection
	GlobalSection(ExtensibilityGlobals) = postSolution
		SolutionGuid = {0B98B49A-BFAF-45E1-BF1F-6BAF30D6AABE}
	EndGlobalSection
EndGlobal
